
Microsoft Visual Studio Solution File, Format Version 11.00
# Visual Studio 2010
Project("{FAE04EC0-301F-11D3-BF4B-00C04F79EFBC}") = "escape01", "Assembly-CSharp.csproj", "{558846BA-F9A2-53DF-8C4D-212C0219EB38}"
EndProject
Global
	GlobalSection(SolutionConfigurationPlatforms) = preSolution
		Debug|Any CPU = Debug|Any CPU
		Release|Any CPU = Release|Any CPU
	EndGlobalSection
	GlobalSection(ProjectConfigurationPlatforms) = postSolution
		{558846BA-F9A2-53DF-8C4D-212C0219EB38}.Debug|Any CPU.ActiveCfg = Debug|Any CPU
		{558846BA-F9A2-53DF-8C4D-212C0219EB38}.Debug|Any CPU.Build.0 = Debug|Any CPU
		{558846BA-F9A2-53DF-8C4D-212C0219EB38}.Release|Any CPU.ActiveCfg = Release|Any CPU
		{558846BA-F9A2-53DF-8C4D-212C0219EB38}.Release|Any CPU.Build.0 = Release|Any CPU
	EndGlobalSection
	GlobalSection(SolutionProperties) = preSolution
		HideSolutionNode = FALSE
	EndGlobalSection
	GlobalSection(MonoDevelopProperties) = preSolution
		StartupItem = Assembly-CSharp.csproj
	EndGlobalSection
EndGlobal
